
Microsoft Visual Studio Solution File, Format Version 12.00
# Visual Studio Version 16
VisualStudioVersion = 16.0.31229.75
MinimumVisualStudioVersion = 10.0.40219.1
Project("{2150E333-8FDC-42A3-9474-1A3956D46DE8}") = "Server", "Server", "{6820916A-A85E-4982-8249-4B50B02F5F16}"
EndProject
Project("{2150E333-8FDC-42A3-9474-1A3956D46DE8}") = "Client", "Client", "{6A0E8884-35F7-40E2-B2BD-AB3728C8A5AD}"
EndProject
Project("{9A19103F-16F7-4668-BE54-9A1E7A4F7556}") = "Client", "Client\Client.csproj", "{3CF3C002-DECD-47A1-A55A-4E73BD494BBB}"
EndProject
Project("{9A19103F-16F7-4668-BE54-9A1E7A4F7556}") = "Server", "Server\Server.csproj", "{00AEBCDC-C638-4C07-85E5-5AF126A25154}"
EndProject
Project("{2150E333-8FDC-42A3-9474-1A3956D46DE8}") = "Helpers", "Helpers", "{F4527143-D1C4-4C59-9300-271A9AF04765}"
	ProjectSection(SolutionItems) = preProject
		SecurityHelper.cs = SecurityHelper.cs
	EndProjectSection
EndProject
Global
	GlobalSection(SolutionConfigurationPlatforms) = preSolution
		Debug|Any CPU = Debug|Any CPU
		Release|Any CPU = Release|Any CPU
	EndGlobalSection
	GlobalSection(ProjectConfigurationPlatforms) = postSolution
		{3CF3C002-DECD-47A1-A55A-4E73BD494BBB}.Debug|Any CPU.ActiveCfg = Debug|Any CPU
		{3CF3C002-DECD-47A1-A55A-4E73BD494BBB}.Debug|Any CPU.Build.0 = Debug|Any CPU
		{3CF3C002-DECD-47A1-A55A-4E73BD494BBB}.Release|Any CPU.ActiveCfg = Release|Any CPU
		{3CF3C002-DECD-47A1-A55A-4E73BD494BBB}.Release|Any CPU.Build.0 = Release|Any CPU
		{00AEBCDC-C638-4C07-85E5-5AF126A25154}.Debug|Any CPU.ActiveCfg = Debug|Any CPU
		{00AEBCDC-C638-4C07-85E5-5AF126A25154}.Debug|Any CPU.Build.0 = Debug|Any CPU
		{00AEBCDC-C638-4C07-85E5-5AF126A25154}.Release|Any CPU.ActiveCfg = Release|Any CPU
		{00AEBCDC-C638-4C07-85E5-5AF126A25154}.Release|Any CPU.Build.0 = Release|Any CPU
	EndGlobalSection
	GlobalSection(SolutionProperties) = preSolution
		HideSolutionNode = FALSE
	EndGlobalSection
	GlobalSection(NestedProjects) = preSolution
		{3CF3C002-DECD-47A1-A55A-4E73BD494BBB} = {6A0E8884-35F7-40E2-B2BD-AB3728C8A5AD}
		{00AEBCDC-C638-4C07-85E5-5AF126A25154} = {6820916A-A85E-4982-8249-4B50B02F5F16}
		{F4527143-D1C4-4C59-9300-271A9AF04765} = {6A0E8884-35F7-40E2-B2BD-AB3728C8A5AD}
	EndGlobalSection
	GlobalSection(ExtensibilityGlobals) = postSolution
		SolutionGuid = {1F1BBE15-75A9-41B5-A6CC-B59A0C0BFA07}
	EndGlobalSection
EndGlobal
